{
  "version": 4,
  "terraform_version": "0.14.7",
  "serial": 88,
  "lineage": "f74f8e09-b36b-4a96-293e-e9a2c57522c5",
  "outputs": {},
  "resources": [
    {
      "mode": "data",
      "type": "google_secret_manager_secret_version",
      "name": "client_url_dev",
      "provider": "provider[\"registry.terraform.io/hashicorp/google\"]",
      "instances": [
        {
          "schema_version": 0,
          "attributes": {
            "create_time": "2023-12-11T16:44:02.189285Z",
            "destroy_time": null,
            "enabled": true,
            "id": "projects/444479832237/secrets/client_url_dev/versions/2",
            "name": "projects/444479832237/secrets/client_url_dev/versions/2",
            "project": "dp-rct-dev",
            "secret": "client_url_dev",
            "secret_data": "https://image1-2ut2spfhpa-nw.a.run.app",
            "version": "2"
          },
          "sensitive_attributes": []
        }
      ]
    },
    {
      "mode": "data",
      "type": "google_secret_manager_secret_version",
      "name": "client_url_prod",
      "provider": "provider[\"registry.terraform.io/hashicorp/google\"]",
      "instances": [
        {
          "schema_version": 0,
          "attributes": {
            "create_time": "2023-12-11T16:46:21.001314Z",
            "destroy_time": null,
            "enabled": true,
            "id": "projects/444479832237/secrets/client_url_prod/versions/1",
            "name": "projects/444479832237/secrets/client_url_prod/versions/1",
            "project": "dp-rct-dev",
            "secret": "client_url_prod",
            "secret_data": "prod_test",
            "version": "1"
          },
          "sensitive_attributes": []
        }
      ]
    },
    {
      "mode": "data",
      "type": "google_secret_manager_secret_version",
      "name": "client_url_test",
      "provider": "provider[\"registry.terraform.io/hashicorp/google\"]",
      "instances": [
        {
          "schema_version": 0,
          "attributes": {
            "create_time": "2023-12-11T16:42:27.413111Z",
            "destroy_time": null,
            "enabled": true,
            "id": "projects/444479832237/secrets/client_url_test/versions/1",
            "name": "projects/444479832237/secrets/client_url_test/versions/1",
            "project": "dp-rct-dev",
            "secret": "client_url_test",
            "secret_data": "https://client-image-test-2ut2spfhpa-nw.a.run.app",
            "version": "1"
          },
          "sensitive_attributes": []
        }
      ]
    },
    {
      "mode": "data",
      "type": "google_secret_manager_secret_version",
      "name": "server_url_dev",
      "provider": "provider[\"registry.terraform.io/hashicorp/google\"]",
      "instances": [
        {
          "schema_version": 0,
          "attributes": {
            "create_time": "2023-12-11T16:44:47.035157Z",
            "destroy_time": null,
            "enabled": true,
            "id": "projects/444479832237/secrets/server_url_dev/versions/1",
            "name": "projects/444479832237/secrets/server_url_dev/versions/1",
            "project": "dp-rct-dev",
            "secret": "server_url_dev",
            "secret_data": "https://image-dev-2ut2spfhpa-nw.a.run.app",
            "version": "1"
          },
          "sensitive_attributes": []
        }
      ]
    },
    {
      "mode": "data",
      "type": "google_secret_manager_secret_version",
      "name": "server_url_prod",
      "provider": "provider[\"registry.terraform.io/hashicorp/google\"]",
      "instances": [
        {
          "schema_version": 0,
          "attributes": {
            "create_time": "2023-12-11T16:45:41.635572Z",
            "destroy_time": null,
            "enabled": true,
            "id": "projects/444479832237/secrets/server_url_prod/versions/1",
            "name": "projects/444479832237/secrets/server_url_prod/versions/1",
            "project": "dp-rct-dev",
            "secret": "server_url_prod",
            "secret_data": "https://image-prod-2ut2spfhpa-nw.a.run.app",
            "version": "1"
          },
          "sensitive_attributes": []
        }
      ]
    },
    {
      "mode": "data",
      "type": "google_secret_manager_secret_version",
      "name": "server_url_test",
      "provider": "provider[\"registry.terraform.io/hashicorp/google\"]",
      "instances": [
        {
          "schema_version": 0,
          "attributes": {
            "create_time": "2023-12-11T16:45:17.427916Z",
            "destroy_time": null,
            "enabled": true,
            "id": "projects/444479832237/secrets/server_url_test/versions/1",
            "name": "projects/444479832237/secrets/server_url_test/versions/1",
            "project": "dp-rct-dev",
            "secret": "server_url_test",
            "secret_data": "https://image-test-2ut2spfhpa-nw.a.run.app",
            "version": "1"
          },
          "sensitive_attributes": []
        }
      ]
    },
    {
      "mode": "managed",
      "type": "google_cloud_run_service",
      "name": "client_default",
      "provider": "provider[\"registry.terraform.io/hashicorp/google\"]",
      "instances": [
        {
          "index_key": 0,
          "schema_version": 2,
          "attributes": {
            "autogenerate_revision_name": false,
            "id": "locations/europe-west2/namespaces/dp-rct-dev/services/client-image-dev",
            "location": "europe-west2",
            "metadata": [
              {
                "annotations": {},
                "effective_annotations": {
                  "run.googleapis.com/client-name": "gcloud",
                  "run.googleapis.com/client-version": "455.0.0",
                  "run.googleapis.com/ingress": "all",
                  "run.googleapis.com/ingress-status": "all",
                  "run.googleapis.com/operation-id": "df37faac-13fa-4de2-b60a-8c97110787d5",
                  "serving.knative.dev/creator": "Dan.lostarkgames@gmail.com",
                  "serving.knative.dev/lastModifier": "444479832237@cloudbuild.gserviceaccount.com"
                },
                "effective_labels": {
                  "cloud.googleapis.com/location": "europe-west2",
                  "run.googleapis.com/satisfiesPzs": "true"
                },
                "generation": 12,
                "labels": {},
                "namespace": "dp-rct-dev",
                "resource_version": "AAYMP6g1ZJU",
                "self_link": "/apis/serving.knative.dev/v1/namespaces/444479832237/services/client-image-dev",
                "terraform_labels": {},
                "uid": "4ef9f45d-1ee8-4eaa-a673-9860bb996972"
              }
            ],
            "name": "client-image-dev",
            "project": "dp-rct-dev",
            "status": [
              {
                "conditions": [
                  {
                    "message": "",
                    "reason": "",
                    "status": "True",
                    "type": "Ready"
                  },
                  {
                    "message": "",
                    "reason": "",
                    "status": "True",
                    "type": "ConfigurationsReady"
                  },
                  {
                    "message": "",
                    "reason": "",
                    "status": "True",
                    "type": "RoutesReady"
                  }
                ],
                "latest_created_revision_name": "client-image-dev-00012-ns5",
                "latest_ready_revision_name": "client-image-dev-00012-ns5",
                "observed_generation": 12,
                "traffic": [
                  {
                    "latest_revision": true,
                    "percent": 100,
                    "revision_name": "client-image-dev-00012-ns5",
                    "tag": "",
                    "url": ""
                  }
                ],
                "url": "https://client-image-dev-2ut2spfhpa-nw.a.run.app"
              }
            ],
            "template": [
              {
                "metadata": [
                  {
                    "annotations": {
                      "autoscaling.knative.dev/maxScale": "3",
                      "run.googleapis.com/client-name": "gcloud",
                      "run.googleapis.com/client-version": "455.0.0"
                    },
                    "generation": 0,
                    "labels": {
                      "client.knative.dev/nonce": "jbotbtxoga",
                      "run.googleapis.com/startupProbeType": "Default"
                    },
                    "name": "",
                    "namespace": "",
                    "resource_version": "",
                    "self_link": "",
                    "uid": ""
                  }
                ],
                "spec": [
                  {
                    "container_concurrency": 80,
                    "containers": [
                      {
                        "args": [],
                        "command": [],
                        "env": [
                          {
                            "name": "CLIENT_BASE_URL",
                            "value": "https://image1-2ut2spfhpa-nw.a.run.app",
                            "value_from": []
                          },
                          {
                            "name": "VITE_SERVER_URL",
                            "value": "https://image-dev-2ut2spfhpa-nw.a.run.app",
                            "value_from": []
                          }
                        ],
                        "env_from": [],
                        "image": "europe-west2-docker.pkg.dev/dp-rct-dev/online-game/client-image:dev",
                        "liveness_probe": [],
                        "name": "",
                        "ports": [
                          {
                            "container_port": 8080,
                            "name": "http1",
                            "protocol": ""
                          }
                        ],
                        "resources": [
                          {
                            "limits": {
                              "cpu": "1000m",
                              "memory": "512Mi"
                            },
                            "requests": {}
                          }
                        ],
                        "startup_probe": [
                          {
                            "failure_threshold": 1,
                            "grpc": [],
                            "http_get": [],
                            "initial_delay_seconds": 0,
                            "period_seconds": 240,
                            "tcp_socket": [
                              {
                                "port": 8080
                              }
                            ],
                            "timeout_seconds": 240
                          }
                        ],
                        "volume_mounts": [],
                        "working_dir": ""
                      }
                    ],
                    "service_account_name": "444479832237-compute@developer.gserviceaccount.com",
                    "serving_state": "",
                    "timeout_seconds": 300,
                    "volumes": []
                  }
                ]
              }
            ],
            "timeouts": null,
            "traffic": [
              {
                "latest_revision": true,
                "percent": 100,
                "revision_name": "",
                "tag": "",
                "url": ""
              }
            ]
          },
          "sensitive_attributes": [],
          "private": "eyJlMmJmYjczMC1lY2FhLTExZTYtOGY4OC0zNDM2M2JjN2M0YzAiOnsiY3JlYXRlIjoxMjAwMDAwMDAwMDAwLCJkZWxldGUiOjEyMDAwMDAwMDAwMDAsInVwZGF0ZSI6MTIwMDAwMDAwMDAwMH0sInNjaGVtYV92ZXJzaW9uIjoiMiJ9",
          "dependencies": [
            "data.google_secret_manager_secret_version.client_url_dev",
            "data.google_secret_manager_secret_version.client_url_prod",
            "data.google_secret_manager_secret_version.client_url_test",
            "data.google_secret_manager_secret_version.server_url_dev",
            "data.google_secret_manager_secret_version.server_url_prod",
            "data.google_secret_manager_secret_version.server_url_test"
          ]
        },
        {
          "index_key": 1,
          "schema_version": 2,
          "attributes": {
            "autogenerate_revision_name": false,
            "id": "locations/europe-west2/namespaces/dp-rct-dev/services/client-image-test",
            "location": "europe-west2",
            "metadata": [
              {
                "annotations": {},
                "effective_annotations": {
                  "run.googleapis.com/client-name": "gcloud",
                  "run.googleapis.com/client-version": "455.0.0",
                  "run.googleapis.com/ingress": "all",
                  "run.googleapis.com/ingress-status": "all",
                  "run.googleapis.com/operation-id": "42fc7689-92b9-4dd2-9c57-da24cdb54a20",
                  "serving.knative.dev/creator": "Dan.lostarkgames@gmail.com",
                  "serving.knative.dev/lastModifier": "Dan.lostarkgames@gmail.com"
                },
                "effective_labels": {
                  "cloud.googleapis.com/location": "europe-west2",
                  "run.googleapis.com/satisfiesPzs": "true"
                },
                "generation": 3,
                "labels": {},
                "namespace": "dp-rct-dev",
                "resource_version": "AAYMP063rXk",
                "self_link": "/apis/serving.knative.dev/v1/namespaces/444479832237/services/client-image-test",
                "terraform_labels": {},
                "uid": "9661ec2e-27a6-4338-91fd-c99f992e8cae"
              }
            ],
            "name": "client-image-test",
            "project": "dp-rct-dev",
            "status": [
              {
                "conditions": [
                  {
                    "message": "",
                    "reason": "",
                    "status": "True",
                    "type": "Ready"
                  },
                  {
                    "message": "",
                    "reason": "",
                    "status": "True",
                    "type": "ConfigurationsReady"
                  },
                  {
                    "message": "",
                    "reason": "",
                    "status": "True",
                    "type": "RoutesReady"
                  }
                ],
                "latest_created_revision_name": "client-image-test-00003-4rf",
                "latest_ready_revision_name": "client-image-test-00003-4rf",
                "observed_generation": 3,
                "traffic": [
                  {
                    "latest_revision": true,
                    "percent": 100,
                    "revision_name": "client-image-test-00003-4rf",
                    "tag": "",
                    "url": ""
                  }
                ],
                "url": "https://client-image-test-2ut2spfhpa-nw.a.run.app"
              }
            ],
            "template": [
              {
                "metadata": [
                  {
                    "annotations": {
                      "autoscaling.knative.dev/maxScale": "3",
                      "run.googleapis.com/client-name": "gcloud",
                      "run.googleapis.com/client-version": "455.0.0"
                    },
                    "generation": 0,
                    "labels": {
                      "client.knative.dev/nonce": "eltqivemhx",
                      "run.googleapis.com/startupProbeType": "Default"
                    },
                    "name": "",
                    "namespace": "",
                    "resource_version": "",
                    "self_link": "",
                    "uid": ""
                  }
                ],
                "spec": [
                  {
                    "container_concurrency": 80,
                    "containers": [
                      {
                        "args": [],
                        "command": [],
                        "env": [
                          {
                            "name": "CLIENT_BASE_URL",
                            "value": "https://client-image-test-2ut2spfhpa-nw.a.run.app",
                            "value_from": []
                          },
                          {
                            "name": "VITE_SERVER_URL",
                            "value": "https://image-test-2ut2spfhpa-nw.a.run.app",
                            "value_from": []
                          }
                        ],
                        "env_from": [],
                        "image": "europe-west2-docker.pkg.dev/dp-rct-dev/online-game/client-image:test",
                        "liveness_probe": [],
                        "name": "",
                        "ports": [
                          {
                            "container_port": 8080,
                            "name": "http1",
                            "protocol": ""
                          }
                        ],
                        "resources": [
                          {
                            "limits": {
                              "cpu": "1000m",
                              "memory": "512Mi"
                            },
                            "requests": {}
                          }
                        ],
                        "startup_probe": [
                          {
                            "failure_threshold": 1,
                            "grpc": [],
                            "http_get": [],
                            "initial_delay_seconds": 0,
                            "period_seconds": 240,
                            "tcp_socket": [
                              {
                                "port": 8080
                              }
                            ],
                            "timeout_seconds": 240
                          }
                        ],
                        "volume_mounts": [],
                        "working_dir": ""
                      }
                    ],
                    "service_account_name": "444479832237-compute@developer.gserviceaccount.com",
                    "serving_state": "",
                    "timeout_seconds": 300,
                    "volumes": []
                  }
                ]
              }
            ],
            "timeouts": null,
            "traffic": [
              {
                "latest_revision": true,
                "percent": 100,
                "revision_name": "",
                "tag": "",
                "url": ""
              }
            ]
          },
          "sensitive_attributes": [],
          "private": "eyJlMmJmYjczMC1lY2FhLTExZTYtOGY4OC0zNDM2M2JjN2M0YzAiOnsiY3JlYXRlIjoxMjAwMDAwMDAwMDAwLCJkZWxldGUiOjEyMDAwMDAwMDAwMDAsInVwZGF0ZSI6MTIwMDAwMDAwMDAwMH0sInNjaGVtYV92ZXJzaW9uIjoiMiJ9",
          "dependencies": [
            "data.google_secret_manager_secret_version.client_url_dev",
            "data.google_secret_manager_secret_version.client_url_prod",
            "data.google_secret_manager_secret_version.client_url_test",
            "data.google_secret_manager_secret_version.server_url_dev",
            "data.google_secret_manager_secret_version.server_url_prod",
            "data.google_secret_manager_secret_version.server_url_test"
          ]
        },
        {
          "index_key": 2,
          "schema_version": 2,
          "attributes": {
            "autogenerate_revision_name": false,
            "id": "locations/europe-west2/namespaces/dp-rct-dev/services/client-image-prod",
            "location": "europe-west2",
            "metadata": [
              {
                "annotations": {},
                "effective_annotations": {
                  "run.googleapis.com/client-name": "gcloud",
                  "run.googleapis.com/client-version": "455.0.0",
                  "run.googleapis.com/ingress": "all",
                  "run.googleapis.com/ingress-status": "all",
                  "run.googleapis.com/operation-id": "d7093316-2ec9-4a79-b449-86da19b878cb",
                  "serving.knative.dev/creator": "Dan.lostarkgames@gmail.com",
                  "serving.knative.dev/lastModifier": "Dan.lostarkgames@gmail.com"
                },
                "effective_labels": {
                  "cloud.googleapis.com/location": "europe-west2",
                  "run.googleapis.com/satisfiesPzs": "true"
                },
                "generation": 3,
                "labels": {},
                "namespace": "dp-rct-dev",
                "resource_version": "AAYMP07SJHs",
                "self_link": "/apis/serving.knative.dev/v1/namespaces/444479832237/services/client-image-prod",
                "terraform_labels": {},
                "uid": "8686a62d-9078-452f-bf0f-2e1dea9a4bfc"
              }
            ],
            "name": "client-image-prod",
            "project": "dp-rct-dev",
            "status": [
              {
                "conditions": [
                  {
                    "message": "",
                    "reason": "",
                    "status": "True",
                    "type": "Ready"
                  },
                  {
                    "message": "",
                    "reason": "",
                    "status": "True",
                    "type": "ConfigurationsReady"
                  },
                  {
                    "message": "",
                    "reason": "",
                    "status": "True",
                    "type": "RoutesReady"
                  }
                ],
                "latest_created_revision_name": "client-image-prod-00003-pw9",
                "latest_ready_revision_name": "client-image-prod-00003-pw9",
                "observed_generation": 3,
                "traffic": [
                  {
                    "latest_revision": true,
                    "percent": 100,
                    "revision_name": "client-image-prod-00003-pw9",
                    "tag": "",
                    "url": ""
                  }
                ],
                "url": "https://client-image-prod-2ut2spfhpa-nw.a.run.app"
              }
            ],
            "template": [
              {
                "metadata": [
                  {
                    "annotations": {
                      "autoscaling.knative.dev/maxScale": "3",
                      "run.googleapis.com/client-name": "gcloud",
                      "run.googleapis.com/client-version": "455.0.0"
                    },
                    "generation": 0,
                    "labels": {
                      "client.knative.dev/nonce": "kdlhplgmtp",
                      "run.googleapis.com/startupProbeType": "Default"
                    },
                    "name": "",
                    "namespace": "",
                    "resource_version": "",
                    "self_link": "",
                    "uid": ""
                  }
                ],
                "spec": [
                  {
                    "container_concurrency": 80,
                    "containers": [
                      {
                        "args": [],
                        "command": [],
                        "env": [
                          {
                            "name": "CLIENT_BASE_URL",
                            "value": "prod_test",
                            "value_from": []
                          },
                          {
                            "name": "VITE_SERVER_URL",
                            "value": "https://image-prod-2ut2spfhpa-nw.a.run.app",
                            "value_from": []
                          }
                        ],
                        "env_from": [],
                        "image": "europe-west2-docker.pkg.dev/dp-rct-dev/online-game/client-image:prod",
                        "liveness_probe": [],
                        "name": "",
                        "ports": [
                          {
                            "container_port": 8080,
                            "name": "http1",
                            "protocol": ""
                          }
                        ],
                        "resources": [
                          {
                            "limits": {
                              "cpu": "1000m",
                              "memory": "512Mi"
                            },
                            "requests": {}
                          }
                        ],
                        "startup_probe": [
                          {
                            "failure_threshold": 1,
                            "grpc": [],
                            "http_get": [],
                            "initial_delay_seconds": 0,
                            "period_seconds": 240,
                            "tcp_socket": [
                              {
                                "port": 8080
                              }
                            ],
                            "timeout_seconds": 240
                          }
                        ],
                        "volume_mounts": [],
                        "working_dir": ""
                      }
                    ],
                    "service_account_name": "444479832237-compute@developer.gserviceaccount.com",
                    "serving_state": "",
                    "timeout_seconds": 300,
                    "volumes": []
                  }
                ]
              }
            ],
            "timeouts": null,
            "traffic": [
              {
                "latest_revision": true,
                "percent": 100,
                "revision_name": "",
                "tag": "",
                "url": ""
              }
            ]
          },
          "sensitive_attributes": [],
          "private": "eyJlMmJmYjczMC1lY2FhLTExZTYtOGY4OC0zNDM2M2JjN2M0YzAiOnsiY3JlYXRlIjoxMjAwMDAwMDAwMDAwLCJkZWxldGUiOjEyMDAwMDAwMDAwMDAsInVwZGF0ZSI6MTIwMDAwMDAwMDAwMH0sInNjaGVtYV92ZXJzaW9uIjoiMiJ9",
          "dependencies": [
            "data.google_secret_manager_secret_version.client_url_dev",
            "data.google_secret_manager_secret_version.client_url_prod",
            "data.google_secret_manager_secret_version.client_url_test",
            "data.google_secret_manager_secret_version.server_url_dev",
            "data.google_secret_manager_secret_version.server_url_prod",
            "data.google_secret_manager_secret_version.server_url_test"
          ]
        }
      ]
    },
    {
      "mode": "managed",
      "type": "google_cloud_run_service",
      "name": "server_default",
      "provider": "provider[\"registry.terraform.io/hashicorp/google\"]",
      "instances": [
        {
          "index_key": 0,
          "schema_version": 2,
          "attributes": {
            "autogenerate_revision_name": false,
            "id": "locations/europe-west2/namespaces/dp-rct-dev/services/image-dev",
            "location": "europe-west2",
            "metadata": [
              {
                "annotations": {},
                "effective_annotations": {
                  "run.googleapis.com/client-name": "gcloud",
                  "run.googleapis.com/client-version": "455.0.0",
                  "run.googleapis.com/ingress": "all",
                  "run.googleapis.com/ingress-status": "all",
                  "run.googleapis.com/operation-id": "916a45fa-c14a-4b99-af24-8318c5b035e9",
                  "serving.knative.dev/creator": "Dan.lostarkgames@gmail.com",
                  "serving.knative.dev/lastModifier": "444479832237@cloudbuild.gserviceaccount.com"
                },
                "effective_labels": {
                  "cloud.googleapis.com/location": "europe-west2",
                  "run.googleapis.com/satisfiesPzs": "true"
                },
                "generation": 13,
                "labels": {},
                "namespace": "dp-rct-dev",
                "resource_version": "AAYMP6bMgE4",
                "self_link": "/apis/serving.knative.dev/v1/namespaces/444479832237/services/image-dev",
                "terraform_labels": {},
                "uid": "380d033f-7e05-49cc-8f8d-cdf620d81823"
              }
            ],
            "name": "image-dev",
            "project": "dp-rct-dev",
            "status": [
              {
                "conditions": [
                  {
                    "message": "",
                    "reason": "",
                    "status": "True",
                    "type": "Ready"
                  },
                  {
                    "message": "",
                    "reason": "",
                    "status": "True",
                    "type": "ConfigurationsReady"
                  },
                  {
                    "message": "",
                    "reason": "",
                    "status": "True",
                    "type": "RoutesReady"
                  }
                ],
                "latest_created_revision_name": "image-dev-00013-rzr",
                "latest_ready_revision_name": "image-dev-00013-rzr",
                "observed_generation": 13,
                "traffic": [
                  {
                    "latest_revision": true,
                    "percent": 100,
                    "revision_name": "image-dev-00013-rzr",
                    "tag": "",
                    "url": ""
                  }
                ],
                "url": "https://image-dev-2ut2spfhpa-nw.a.run.app"
              }
            ],
            "template": [
              {
                "metadata": [
                  {
                    "annotations": {
                      "autoscaling.knative.dev/maxScale": "3",
                      "run.googleapis.com/client-name": "gcloud",
                      "run.googleapis.com/client-version": "455.0.0"
                    },
                    "generation": 0,
                    "labels": {
                      "client.knative.dev/nonce": "vuwlzupjrl",
                      "run.googleapis.com/startupProbeType": "Default"
                    },
                    "name": "",
                    "namespace": "",
                    "resource_version": "",
                    "self_link": "",
                    "uid": ""
                  }
                ],
                "spec": [
                  {
                    "container_concurrency": 80,
                    "containers": [
                      {
                        "args": [],
                        "command": [],
                        "env": [
                          {
                            "name": "CLIENT_BASE_URL",
                            "value": "https://image1-2ut2spfhpa-nw.a.run.app",
                            "value_from": []
                          },
                          {
                            "name": "VITE_SERVER_URL",
                            "value": "https://image-dev-2ut2spfhpa-nw.a.run.app",
                            "value_from": []
                          }
                        ],
                        "env_from": [],
                        "image": "europe-west2-docker.pkg.dev/dp-rct-dev/online-game/image:dev",
                        "liveness_probe": [],
                        "name": "",
                        "ports": [
                          {
                            "container_port": 8080,
                            "name": "http1",
                            "protocol": ""
                          }
                        ],
                        "resources": [
                          {
                            "limits": {
                              "cpu": "1000m",
                              "memory": "512Mi"
                            },
                            "requests": {}
                          }
                        ],
                        "startup_probe": [
                          {
                            "failure_threshold": 1,
                            "grpc": [],
                            "http_get": [],
                            "initial_delay_seconds": 0,
                            "period_seconds": 240,
                            "tcp_socket": [
                              {
                                "port": 8080
                              }
                            ],
                            "timeout_seconds": 240
                          }
                        ],
                        "volume_mounts": [],
                        "working_dir": ""
                      }
                    ],
                    "service_account_name": "444479832237-compute@developer.gserviceaccount.com",
                    "serving_state": "",
                    "timeout_seconds": 300,
                    "volumes": []
                  }
                ]
              }
            ],
            "timeouts": null,
            "traffic": [
              {
                "latest_revision": true,
                "percent": 100,
                "revision_name": "",
                "tag": "",
                "url": ""
              }
            ]
          },
          "sensitive_attributes": [],
          "private": "eyJlMmJmYjczMC1lY2FhLTExZTYtOGY4OC0zNDM2M2JjN2M0YzAiOnsiY3JlYXRlIjoxMjAwMDAwMDAwMDAwLCJkZWxldGUiOjEyMDAwMDAwMDAwMDAsInVwZGF0ZSI6MTIwMDAwMDAwMDAwMH0sInNjaGVtYV92ZXJzaW9uIjoiMiJ9",
          "dependencies": [
            "data.google_secret_manager_secret_version.client_url_dev",
            "data.google_secret_manager_secret_version.client_url_prod",
            "data.google_secret_manager_secret_version.client_url_test",
            "data.google_secret_manager_secret_version.server_url_dev",
            "data.google_secret_manager_secret_version.server_url_prod",
            "data.google_secret_manager_secret_version.server_url_test"
          ]
        },
        {
          "index_key": 1,
          "schema_version": 2,
          "attributes": {
            "autogenerate_revision_name": false,
            "id": "locations/europe-west2/namespaces/dp-rct-dev/services/image-test",
            "location": "europe-west2",
            "metadata": [
              {
                "annotations": {},
                "effective_annotations": {
                  "run.googleapis.com/client-name": "gcloud",
                  "run.googleapis.com/client-version": "455.0.0",
                  "run.googleapis.com/ingress": "all",
                  "run.googleapis.com/ingress-status": "all",
                  "run.googleapis.com/operation-id": "3603b513-61b2-415a-a370-6daf8414a4cb",
                  "serving.knative.dev/creator": "Dan.lostarkgames@gmail.com",
                  "serving.knative.dev/lastModifier": "444479832237@cloudbuild.gserviceaccount.com"
                },
                "effective_labels": {
                  "cloud.googleapis.com/location": "europe-west2",
                  "run.googleapis.com/satisfiesPzs": "true"
                },
                "generation": 10,
                "labels": {},
                "namespace": "dp-rct-dev",
                "resource_version": "AAYMPuvr/uk",
                "self_link": "/apis/serving.knative.dev/v1/namespaces/444479832237/services/image-test",
                "terraform_labels": {},
                "uid": "8562e27b-27dc-4b5a-a3b8-660248963073"
              }
            ],
            "name": "image-test",
            "project": "dp-rct-dev",
            "status": [
              {
                "conditions": [
                  {
                    "message": "",
                    "reason": "",
                    "status": "True",
                    "type": "Ready"
                  },
                  {
                    "message": "",
                    "reason": "",
                    "status": "True",
                    "type": "ConfigurationsReady"
                  },
                  {
                    "message": "",
                    "reason": "",
                    "status": "True",
                    "type": "RoutesReady"
                  }
                ],
                "latest_created_revision_name": "image-test-00010-6f4",
                "latest_ready_revision_name": "image-test-00010-6f4",
                "observed_generation": 10,
                "traffic": [
                  {
                    "latest_revision": true,
                    "percent": 100,
                    "revision_name": "image-test-00010-6f4",
                    "tag": "",
                    "url": ""
                  }
                ],
                "url": "https://image-test-2ut2spfhpa-nw.a.run.app"
              }
            ],
            "template": [
              {
                "metadata": [
                  {
                    "annotations": {
                      "autoscaling.knative.dev/maxScale": "3",
                      "run.googleapis.com/client-name": "gcloud",
                      "run.googleapis.com/client-version": "455.0.0"
                    },
                    "generation": 0,
                    "labels": {
                      "client.knative.dev/nonce": "woaqyzacia",
                      "run.googleapis.com/startupProbeType": "Default"
                    },
                    "name": "",
                    "namespace": "",
                    "resource_version": "",
                    "self_link": "",
                    "uid": ""
                  }
                ],
                "spec": [
                  {
                    "container_concurrency": 80,
                    "containers": [
                      {
                        "args": [],
                        "command": [],
                        "env": [
                          {
                            "name": "CLIENT_BASE_URL",
                            "value": "https://client-image-test-2ut2spfhpa-nw.a.run.app",
                            "value_from": []
                          },
                          {
                            "name": "VITE_SERVER_URL",
                            "value": "https://image-test-2ut2spfhpa-nw.a.run.app",
                            "value_from": []
                          }
                        ],
                        "env_from": [],
                        "image": "europe-west2-docker.pkg.dev/dp-rct-dev/online-game/image:test",
                        "liveness_probe": [],
                        "name": "",
                        "ports": [
                          {
                            "container_port": 8080,
                            "name": "http1",
                            "protocol": ""
                          }
                        ],
                        "resources": [
                          {
                            "limits": {
                              "cpu": "1000m",
                              "memory": "512Mi"
                            },
                            "requests": {}
                          }
                        ],
                        "startup_probe": [
                          {
                            "failure_threshold": 1,
                            "grpc": [],
                            "http_get": [],
                            "initial_delay_seconds": 0,
                            "period_seconds": 240,
                            "tcp_socket": [
                              {
                                "port": 8080
                              }
                            ],
                            "timeout_seconds": 240
                          }
                        ],
                        "volume_mounts": [],
                        "working_dir": ""
                      }
                    ],
                    "service_account_name": "444479832237-compute@developer.gserviceaccount.com",
                    "serving_state": "",
                    "timeout_seconds": 300,
                    "volumes": []
                  }
                ]
              }
            ],
            "timeouts": null,
            "traffic": [
              {
                "latest_revision": true,
                "percent": 100,
                "revision_name": "",
                "tag": "",
                "url": ""
              }
            ]
          },
          "sensitive_attributes": [],
          "private": "eyJlMmJmYjczMC1lY2FhLTExZTYtOGY4OC0zNDM2M2JjN2M0YzAiOnsiY3JlYXRlIjoxMjAwMDAwMDAwMDAwLCJkZWxldGUiOjEyMDAwMDAwMDAwMDAsInVwZGF0ZSI6MTIwMDAwMDAwMDAwMH0sInNjaGVtYV92ZXJzaW9uIjoiMiJ9",
          "dependencies": [
            "data.google_secret_manager_secret_version.client_url_dev",
            "data.google_secret_manager_secret_version.client_url_prod",
            "data.google_secret_manager_secret_version.client_url_test",
            "data.google_secret_manager_secret_version.server_url_dev",
            "data.google_secret_manager_secret_version.server_url_prod",
            "data.google_secret_manager_secret_version.server_url_test"
          ]
        },
        {
          "index_key": 2,
          "schema_version": 2,
          "attributes": {
            "autogenerate_revision_name": false,
            "id": "locations/europe-west2/namespaces/dp-rct-dev/services/image-prod",
            "location": "europe-west2",
            "metadata": [
              {
                "annotations": {},
                "effective_annotations": {
                  "run.googleapis.com/client-name": "gcloud",
                  "run.googleapis.com/client-version": "455.0.0",
                  "run.googleapis.com/ingress": "all",
                  "run.googleapis.com/ingress-status": "all",
                  "run.googleapis.com/operation-id": "732b14af-aa30-413a-9c8b-6f15c4cb02ec",
                  "serving.knative.dev/creator": "Dan.lostarkgames@gmail.com",
                  "serving.knative.dev/lastModifier": "444479832237@cloudbuild.gserviceaccount.com"
                },
                "effective_labels": {
                  "cloud.googleapis.com/location": "europe-west2",
                  "run.googleapis.com/satisfiesPzs": "true"
                },
                "generation": 4,
                "labels": {},
                "namespace": "dp-rct-dev",
                "resource_version": "AAYMPu6nvAs",
                "self_link": "/apis/serving.knative.dev/v1/namespaces/444479832237/services/image-prod",
                "terraform_labels": {},
                "uid": "f2025296-7d12-48e3-bc11-45615ad2afe8"
              }
            ],
            "name": "image-prod",
            "project": "dp-rct-dev",
            "status": [
              {
                "conditions": [
                  {
                    "message": "",
                    "reason": "",
                    "status": "True",
                    "type": "Ready"
                  },
                  {
                    "message": "",
                    "reason": "",
                    "status": "True",
                    "type": "ConfigurationsReady"
                  },
                  {
                    "message": "",
                    "reason": "",
                    "status": "True",
                    "type": "RoutesReady"
                  }
                ],
                "latest_created_revision_name": "image-prod-00004-p42",
                "latest_ready_revision_name": "image-prod-00004-p42",
                "observed_generation": 4,
                "traffic": [
                  {
                    "latest_revision": true,
                    "percent": 100,
                    "revision_name": "image-prod-00004-p42",
                    "tag": "",
                    "url": ""
                  }
                ],
                "url": "https://image-prod-2ut2spfhpa-nw.a.run.app"
              }
            ],
            "template": [
              {
                "metadata": [
                  {
                    "annotations": {
                      "autoscaling.knative.dev/maxScale": "3",
                      "run.googleapis.com/client-name": "gcloud",
                      "run.googleapis.com/client-version": "455.0.0"
                    },
                    "generation": 0,
                    "labels": {
                      "client.knative.dev/nonce": "slzvyhjgad",
                      "run.googleapis.com/startupProbeType": "Default"
                    },
                    "name": "",
                    "namespace": "",
                    "resource_version": "",
                    "self_link": "",
                    "uid": ""
                  }
                ],
                "spec": [
                  {
                    "container_concurrency": 80,
                    "containers": [
                      {
                        "args": [],
                        "command": [],
                        "env": [
                          {
                            "name": "CLIENT_BASE_URL",
                            "value": "prod_test",
                            "value_from": []
                          },
                          {
                            "name": "VITE_SERVER_URL",
                            "value": "https://image-prod-2ut2spfhpa-nw.a.run.app",
                            "value_from": []
                          }
                        ],
                        "env_from": [],
                        "image": "europe-west2-docker.pkg.dev/dp-rct-dev/online-game/image:prod",
                        "liveness_probe": [],
                        "name": "",
                        "ports": [
                          {
                            "container_port": 8080,
                            "name": "http1",
                            "protocol": ""
                          }
                        ],
                        "resources": [
                          {
                            "limits": {
                              "cpu": "1000m",
                              "memory": "512Mi"
                            },
                            "requests": {}
                          }
                        ],
                        "startup_probe": [
                          {
                            "failure_threshold": 1,
                            "grpc": [],
                            "http_get": [],
                            "initial_delay_seconds": 0,
                            "period_seconds": 240,
                            "tcp_socket": [
                              {
                                "port": 8080
                              }
                            ],
                            "timeout_seconds": 240
                          }
                        ],
                        "volume_mounts": [],
                        "working_dir": ""
                      }
                    ],
                    "service_account_name": "444479832237-compute@developer.gserviceaccount.com",
                    "serving_state": "",
                    "timeout_seconds": 300,
                    "volumes": []
                  }
                ]
              }
            ],
            "timeouts": null,
            "traffic": [
              {
                "latest_revision": true,
                "percent": 100,
                "revision_name": "",
                "tag": "",
                "url": ""
              }
            ]
          },
          "sensitive_attributes": [],
          "private": "eyJlMmJmYjczMC1lY2FhLTExZTYtOGY4OC0zNDM2M2JjN2M0YzAiOnsiY3JlYXRlIjoxMjAwMDAwMDAwMDAwLCJkZWxldGUiOjEyMDAwMDAwMDAwMDAsInVwZGF0ZSI6MTIwMDAwMDAwMDAwMH0sInNjaGVtYV92ZXJzaW9uIjoiMiJ9",
          "dependencies": [
            "data.google_secret_manager_secret_version.client_url_dev",
            "data.google_secret_manager_secret_version.client_url_prod",
            "data.google_secret_manager_secret_version.client_url_test",
            "data.google_secret_manager_secret_version.server_url_dev",
            "data.google_secret_manager_secret_version.server_url_prod",
            "data.google_secret_manager_secret_version.server_url_test"
          ]
        }
      ]
    },
    {
      "mode": "managed",
      "type": "google_cloudbuild_trigger",
      "name": "client_default",
      "provider": "provider[\"registry.terraform.io/hashicorp/google\"]",
      "instances": [
        {
          "index_key": 0,
          "schema_version": 2,
          "attributes": {
            "approval_config": [
              {
                "approval_required": false
              }
            ],
            "bitbucket_server_trigger_config": [],
            "build": [],
            "create_time": "2023-12-11T15:40:45.477183965Z",
            "description": "",
            "disabled": false,
            "filename": "online-game/cloudbuild.yaml",
            "filter": "",
            "git_file_source": [],
            "github": [
              {
                "enterprise_config_resource_name": "",
                "name": "OnlineGame",
                "owner": "XateroX",
                "pull_request": [],
                "push": [
                  {
                    "branch": "^dev$",
                    "invert_regex": false,
                    "tag": ""
                  }
                ]
              }
            ],
            "id": "projects/dp-rct-dev/triggers/7402a1d4-8a83-48af-a701-7805739e010b",
            "ignored_files": [],
            "include_build_logs": "",
            "included_files": [],
            "location": "global",
            "name": "client-trigger-dev",
            "project": "dp-rct-dev",
            "pubsub_config": [],
            "repository_event_config": [],
            "service_account": "",
            "source_to_build": [],
            "substitutions": {
              "_VITE_SERVER_URL": "https://image-dev-2ut2spfhpa-nw.a.run.app"
            },
            "tags": [],
            "timeouts": null,
            "trigger_id": "7402a1d4-8a83-48af-a701-7805739e010b",
            "trigger_template": [],
            "webhook_config": []
          },
          "sensitive_attributes": [],
          "private": "eyJlMmJmYjczMC1lY2FhLTExZTYtOGY4OC0zNDM2M2JjN2M0YzAiOnsiY3JlYXRlIjoxMjAwMDAwMDAwMDAwLCJkZWxldGUiOjEyMDAwMDAwMDAwMDAsInVwZGF0ZSI6MTIwMDAwMDAwMDAwMH0sInNjaGVtYV92ZXJzaW9uIjoiMiJ9",
          "dependencies": [
            "data.google_secret_manager_secret_version.server_url_dev",
            "data.google_secret_manager_secret_version.server_url_prod",
            "data.google_secret_manager_secret_version.server_url_test"
          ]
        },
        {
          "index_key": 1,
          "schema_version": 2,
          "attributes": {
            "approval_config": [
              {
                "approval_required": false
              }
            ],
            "bitbucket_server_trigger_config": [],
            "build": [],
            "create_time": "2023-12-11T15:40:45.122443029Z",
            "description": "",
            "disabled": false,
            "filename": "online-game/cloudbuild.yaml",
            "filter": "",
            "git_file_source": [],
            "github": [
              {
                "enterprise_config_resource_name": "",
                "name": "OnlineGame",
                "owner": "XateroX",
                "pull_request": [],
                "push": [
                  {
                    "branch": "^test$",
                    "invert_regex": false,
                    "tag": ""
                  }
                ]
              }
            ],
            "id": "projects/dp-rct-dev/triggers/5c8d9cfd-7c4f-4ecc-957b-1d090631ddc4",
            "ignored_files": [],
            "include_build_logs": "",
            "included_files": [],
            "location": "global",
            "name": "client-trigger-test",
            "project": "dp-rct-dev",
            "pubsub_config": [],
            "repository_event_config": [],
            "service_account": "",
            "source_to_build": [],
            "substitutions": {
              "_VITE_SERVER_URL": "https://image-test-2ut2spfhpa-nw.a.run.app"
            },
            "tags": [],
            "timeouts": null,
            "trigger_id": "5c8d9cfd-7c4f-4ecc-957b-1d090631ddc4",
            "trigger_template": [],
            "webhook_config": []
          },
          "sensitive_attributes": [],
          "private": "eyJlMmJmYjczMC1lY2FhLTExZTYtOGY4OC0zNDM2M2JjN2M0YzAiOnsiY3JlYXRlIjoxMjAwMDAwMDAwMDAwLCJkZWxldGUiOjEyMDAwMDAwMDAwMDAsInVwZGF0ZSI6MTIwMDAwMDAwMDAwMH0sInNjaGVtYV92ZXJzaW9uIjoiMiJ9",
          "dependencies": [
            "data.google_secret_manager_secret_version.server_url_dev",
            "data.google_secret_manager_secret_version.server_url_prod",
            "data.google_secret_manager_secret_version.server_url_test"
          ]
        },
        {
          "index_key": 2,
          "schema_version": 2,
          "attributes": {
            "approval_config": [
              {
                "approval_required": false
              }
            ],
            "bitbucket_server_trigger_config": [],
            "build": [],
            "create_time": "2023-12-11T15:40:44.980588295Z",
            "description": "",
            "disabled": false,
            "filename": "online-game/cloudbuild.yaml",
            "filter": "",
            "git_file_source": [],
            "github": [
              {
                "enterprise_config_resource_name": "",
                "name": "OnlineGame",
                "owner": "XateroX",
                "pull_request": [],
                "push": [
                  {
                    "branch": "^prod$",
                    "invert_regex": false,
                    "tag": ""
                  }
                ]
              }
            ],
            "id": "projects/dp-rct-dev/triggers/07f9a37e-71fe-4ae6-acd5-aa01508c9f1f",
            "ignored_files": [],
            "include_build_logs": "",
            "included_files": [],
            "location": "global",
            "name": "client-trigger-prod",
            "project": "dp-rct-dev",
            "pubsub_config": [],
            "repository_event_config": [],
            "service_account": "",
            "source_to_build": [],
            "substitutions": {
              "_VITE_SERVER_URL": "https://image-prod-2ut2spfhpa-nw.a.run.app"
            },
            "tags": [],
            "timeouts": null,
            "trigger_id": "07f9a37e-71fe-4ae6-acd5-aa01508c9f1f",
            "trigger_template": [],
            "webhook_config": []
          },
          "sensitive_attributes": [],
          "private": "eyJlMmJmYjczMC1lY2FhLTExZTYtOGY4OC0zNDM2M2JjN2M0YzAiOnsiY3JlYXRlIjoxMjAwMDAwMDAwMDAwLCJkZWxldGUiOjEyMDAwMDAwMDAwMDAsInVwZGF0ZSI6MTIwMDAwMDAwMDAwMH0sInNjaGVtYV92ZXJzaW9uIjoiMiJ9",
          "dependencies": [
            "data.google_secret_manager_secret_version.server_url_dev",
            "data.google_secret_manager_secret_version.server_url_prod",
            "data.google_secret_manager_secret_version.server_url_test"
          ]
        }
      ]
    },
    {
      "mode": "managed",
      "type": "google_cloudbuild_trigger",
      "name": "server_default",
      "provider": "provider[\"registry.terraform.io/hashicorp/google\"]",
      "instances": [
        {
          "index_key": 0,
          "schema_version": 2,
          "attributes": {
            "approval_config": [
              {
                "approval_required": false
              }
            ],
            "bitbucket_server_trigger_config": [],
            "build": [],
            "create_time": "2023-12-11T15:40:45.122164076Z",
            "description": "",
            "disabled": false,
            "filename": "online-game-server/cloudbuild.yaml",
            "filter": "",
            "git_file_source": [],
            "github": [
              {
                "enterprise_config_resource_name": "",
                "name": "OnlineGame",
                "owner": "XateroX",
                "pull_request": [],
                "push": [
                  {
                    "branch": "^dev$",
                    "invert_regex": false,
                    "tag": ""
                  }
                ]
              }
            ],
            "id": "projects/dp-rct-dev/triggers/0eaa7c9f-8030-40e7-9a7c-54c23ada0202",
            "ignored_files": [],
            "include_build_logs": "",
            "included_files": [],
            "location": "global",
            "name": "trigger-dev",
            "project": "dp-rct-dev",
            "pubsub_config": [],
            "repository_event_config": [],
            "service_account": "",
            "source_to_build": [],
            "substitutions": {},
            "tags": [],
            "timeouts": null,
            "trigger_id": "0eaa7c9f-8030-40e7-9a7c-54c23ada0202",
            "trigger_template": [],
            "webhook_config": []
          },
          "sensitive_attributes": [],
          "private": "eyJlMmJmYjczMC1lY2FhLTExZTYtOGY4OC0zNDM2M2JjN2M0YzAiOnsiY3JlYXRlIjoxMjAwMDAwMDAwMDAwLCJkZWxldGUiOjEyMDAwMDAwMDAwMDAsInVwZGF0ZSI6MTIwMDAwMDAwMDAwMH0sInNjaGVtYV92ZXJzaW9uIjoiMiJ9"
        },
        {
          "index_key": 1,
          "schema_version": 2,
          "attributes": {
            "approval_config": [
              {
                "approval_required": false
              }
            ],
            "bitbucket_server_trigger_config": [],
            "build": [],
            "create_time": "2023-12-11T15:40:45.039879645Z",
            "description": "",
            "disabled": false,
            "filename": "online-game-server/cloudbuild.yaml",
            "filter": "",
            "git_file_source": [],
            "github": [
              {
                "enterprise_config_resource_name": "",
                "name": "OnlineGame",
                "owner": "XateroX",
                "pull_request": [],
                "push": [
                  {
                    "branch": "^test$",
                    "invert_regex": false,
                    "tag": ""
                  }
                ]
              }
            ],
            "id": "projects/dp-rct-dev/triggers/a4719f73-b814-4736-a47b-85cc372fb5d7",
            "ignored_files": [],
            "include_build_logs": "",
            "included_files": [],
            "location": "global",
            "name": "trigger-test",
            "project": "dp-rct-dev",
            "pubsub_config": [],
            "repository_event_config": [],
            "service_account": "",
            "source_to_build": [],
            "substitutions": {},
            "tags": [],
            "timeouts": null,
            "trigger_id": "a4719f73-b814-4736-a47b-85cc372fb5d7",
            "trigger_template": [],
            "webhook_config": []
          },
          "sensitive_attributes": [],
          "private": "eyJlMmJmYjczMC1lY2FhLTExZTYtOGY4OC0zNDM2M2JjN2M0YzAiOnsiY3JlYXRlIjoxMjAwMDAwMDAwMDAwLCJkZWxldGUiOjEyMDAwMDAwMDAwMDAsInVwZGF0ZSI6MTIwMDAwMDAwMDAwMH0sInNjaGVtYV92ZXJzaW9uIjoiMiJ9"
        },
        {
          "index_key": 2,
          "schema_version": 2,
          "attributes": {
            "approval_config": [
              {
                "approval_required": false
              }
            ],
            "bitbucket_server_trigger_config": [],
            "build": [],
            "create_time": "2023-12-11T15:40:45.039957699Z",
            "description": "",
            "disabled": false,
            "filename": "online-game-server/cloudbuild.yaml",
            "filter": "",
            "git_file_source": [],
            "github": [
              {
                "enterprise_config_resource_name": "",
                "name": "OnlineGame",
                "owner": "XateroX",
                "pull_request": [],
                "push": [
                  {
                    "branch": "^prod$",
                    "invert_regex": false,
                    "tag": ""
                  }
                ]
              }
            ],
            "id": "projects/dp-rct-dev/triggers/28e8d890-6744-4bdb-b36e-6c42d2ef1ad2",
            "ignored_files": [],
            "include_build_logs": "",
            "included_files": [],
            "location": "global",
            "name": "trigger-prod",
            "project": "dp-rct-dev",
            "pubsub_config": [],
            "repository_event_config": [],
            "service_account": "",
            "source_to_build": [],
            "substitutions": {},
            "tags": [],
            "timeouts": null,
            "trigger_id": "28e8d890-6744-4bdb-b36e-6c42d2ef1ad2",
            "trigger_template": [],
            "webhook_config": []
          },
          "sensitive_attributes": [],
          "private": "eyJlMmJmYjczMC1lY2FhLTExZTYtOGY4OC0zNDM2M2JjN2M0YzAiOnsiY3JlYXRlIjoxMjAwMDAwMDAwMDAwLCJkZWxldGUiOjEyMDAwMDAwMDAwMDAsInVwZGF0ZSI6MTIwMDAwMDAwMDAwMH0sInNjaGVtYV92ZXJzaW9uIjoiMiJ9"
        }
      ]
    }
  ]
}
