{
  "version": 4,
  "terraform_version": "0.14.7",
  "serial": 37,
  "lineage": "f74f8e09-b36b-4a96-293e-e9a2c57522c5",
  "outputs": {},
  "resources": [
    {
      "mode": "managed",
      "type": "google_cloud_run_service",
      "name": "default",
      "provider": "provider[\"registry.terraform.io/hashicorp/google\"]",
      "instances": [
        {
          "index_key": 0,
          "schema_version": 2,
          "attributes": {
            "autogenerate_revision_name": false,
            "id": "locations/europe-west2/namespaces/dp-rct-dev/services/image-dev",
            "location": "europe-west2",
            "metadata": [
              {
                "annotations": {},
                "effective_annotations": {
                  "run.googleapis.com/ingress": "all",
                  "run.googleapis.com/ingress-status": "all",
                  "run.googleapis.com/operation-id": "8554de3a-e552-4110-bcb3-c2855088d84a",
                  "serving.knative.dev/creator": "Dan.lostarkgames@gmail.com",
                  "serving.knative.dev/lastModifier": "Dan.lostarkgames@gmail.com"
                },
                "effective_labels": {
                  "cloud.googleapis.com/location": "europe-west2",
                  "run.googleapis.com/satisfiesPzs": "true"
                },
                "generation": 1,
                "labels": {},
                "namespace": "dp-rct-dev",
                "resource_version": "AAYMPGBxZtc",
                "self_link": "/apis/serving.knative.dev/v1/namespaces/444479832237/services/image-dev",
                "terraform_labels": {},
                "uid": "21c9bedd-ee88-4583-bdbd-e69cf4426acf"
              }
            ],
            "name": "image-dev",
            "project": "dp-rct-dev",
            "status": [
              {
                "conditions": [
                  {
                    "message": "",
                    "reason": "",
                    "status": "True",
                    "type": "Ready"
                  },
                  {
                    "message": "",
                    "reason": "",
                    "status": "True",
                    "type": "ConfigurationsReady"
                  },
                  {
                    "message": "",
                    "reason": "",
                    "status": "True",
                    "type": "RoutesReady"
                  }
                ],
                "latest_created_revision_name": "image-dev-00001-t4t",
                "latest_ready_revision_name": "image-dev-00001-t4t",
                "observed_generation": 1,
                "traffic": [
                  {
                    "latest_revision": true,
                    "percent": 100,
                    "revision_name": "image-dev-00001-t4t",
                    "tag": "",
                    "url": ""
                  }
                ],
                "url": "https://image-dev-2ut2spfhpa-nw.a.run.app"
              }
            ],
            "template": [
              {
                "metadata": [
                  {
                    "annotations": {
                      "autoscaling.knative.dev/maxScale": "3"
                    },
                    "generation": 0,
                    "labels": {
                      "run.googleapis.com/startupProbeType": "Default"
                    },
                    "name": "",
                    "namespace": "",
                    "resource_version": "",
                    "self_link": "",
                    "uid": ""
                  }
                ],
                "spec": [
                  {
                    "container_concurrency": 80,
                    "containers": [
                      {
                        "args": [],
                        "command": [],
                        "env": [],
                        "env_from": [],
                        "image": "europe-west2-docker.pkg.dev/dp-rct-dev/online-game/image:dev",
                        "liveness_probe": [],
                        "name": "",
                        "ports": [
                          {
                            "container_port": 8080,
                            "name": "http1",
                            "protocol": ""
                          }
                        ],
                        "resources": [
                          {
                            "limits": {
                              "cpu": "1000m",
                              "memory": "512Mi"
                            },
                            "requests": {}
                          }
                        ],
                        "startup_probe": [
                          {
                            "failure_threshold": 1,
                            "grpc": [],
                            "http_get": [],
                            "initial_delay_seconds": 0,
                            "period_seconds": 240,
                            "tcp_socket": [
                              {
                                "port": 8080
                              }
                            ],
                            "timeout_seconds": 240
                          }
                        ],
                        "volume_mounts": [],
                        "working_dir": ""
                      }
                    ],
                    "service_account_name": "444479832237-compute@developer.gserviceaccount.com",
                    "serving_state": "",
                    "timeout_seconds": 300,
                    "volumes": []
                  }
                ]
              }
            ],
            "timeouts": null,
            "traffic": [
              {
                "latest_revision": true,
                "percent": 100,
                "revision_name": "",
                "tag": "",
                "url": ""
              }
            ]
          },
          "sensitive_attributes": [],
          "private": "eyJlMmJmYjczMC1lY2FhLTExZTYtOGY4OC0zNDM2M2JjN2M0YzAiOnsiY3JlYXRlIjoxMjAwMDAwMDAwMDAwLCJkZWxldGUiOjEyMDAwMDAwMDAwMDAsInVwZGF0ZSI6MTIwMDAwMDAwMDAwMH0sInNjaGVtYV92ZXJzaW9uIjoiMiJ9"
        },
        {
          "index_key": 1,
          "schema_version": 2,
          "attributes": {
            "autogenerate_revision_name": false,
            "id": "locations/europe-west2/namespaces/dp-rct-dev/services/image-test",
            "location": "europe-west2",
            "metadata": [
              {
                "annotations": {},
                "effective_annotations": {
                  "run.googleapis.com/ingress": "all",
                  "run.googleapis.com/ingress-status": "all",
                  "run.googleapis.com/operation-id": "4fdf9a0e-e536-480d-bb76-16a5944df43a",
                  "serving.knative.dev/creator": "Dan.lostarkgames@gmail.com",
                  "serving.knative.dev/lastModifier": "Dan.lostarkgames@gmail.com"
                },
                "effective_labels": {
                  "cloud.googleapis.com/location": "europe-west2",
                  "run.googleapis.com/satisfiesPzs": "true"
                },
                "generation": 1,
                "labels": {},
                "namespace": "dp-rct-dev",
                "resource_version": "AAYMPGB5Jy4",
                "self_link": "/apis/serving.knative.dev/v1/namespaces/444479832237/services/image-test",
                "terraform_labels": {},
                "uid": "73b19542-cf01-41ad-bf75-231de26b86db"
              }
            ],
            "name": "image-test",
            "project": "dp-rct-dev",
            "status": [
              {
                "conditions": [
                  {
                    "message": "",
                    "reason": "",
                    "status": "True",
                    "type": "Ready"
                  },
                  {
                    "message": "",
                    "reason": "",
                    "status": "True",
                    "type": "ConfigurationsReady"
                  },
                  {
                    "message": "",
                    "reason": "",
                    "status": "True",
                    "type": "RoutesReady"
                  }
                ],
                "latest_created_revision_name": "image-test-00001-qx5",
                "latest_ready_revision_name": "image-test-00001-qx5",
                "observed_generation": 1,
                "traffic": [
                  {
                    "latest_revision": true,
                    "percent": 100,
                    "revision_name": "image-test-00001-qx5",
                    "tag": "",
                    "url": ""
                  }
                ],
                "url": "https://image-test-2ut2spfhpa-nw.a.run.app"
              }
            ],
            "template": [
              {
                "metadata": [
                  {
                    "annotations": {
                      "autoscaling.knative.dev/maxScale": "3"
                    },
                    "generation": 0,
                    "labels": {
                      "run.googleapis.com/startupProbeType": "Default"
                    },
                    "name": "",
                    "namespace": "",
                    "resource_version": "",
                    "self_link": "",
                    "uid": ""
                  }
                ],
                "spec": [
                  {
                    "container_concurrency": 80,
                    "containers": [
                      {
                        "args": [],
                        "command": [],
                        "env": [],
                        "env_from": [],
                        "image": "europe-west2-docker.pkg.dev/dp-rct-dev/online-game/image:test",
                        "liveness_probe": [],
                        "name": "",
                        "ports": [
                          {
                            "container_port": 8080,
                            "name": "http1",
                            "protocol": ""
                          }
                        ],
                        "resources": [
                          {
                            "limits": {
                              "cpu": "1000m",
                              "memory": "512Mi"
                            },
                            "requests": {}
                          }
                        ],
                        "startup_probe": [
                          {
                            "failure_threshold": 1,
                            "grpc": [],
                            "http_get": [],
                            "initial_delay_seconds": 0,
                            "period_seconds": 240,
                            "tcp_socket": [
                              {
                                "port": 8080
                              }
                            ],
                            "timeout_seconds": 240
                          }
                        ],
                        "volume_mounts": [],
                        "working_dir": ""
                      }
                    ],
                    "service_account_name": "444479832237-compute@developer.gserviceaccount.com",
                    "serving_state": "",
                    "timeout_seconds": 300,
                    "volumes": []
                  }
                ]
              }
            ],
            "timeouts": null,
            "traffic": [
              {
                "latest_revision": true,
                "percent": 100,
                "revision_name": "",
                "tag": "",
                "url": ""
              }
            ]
          },
          "sensitive_attributes": [],
          "private": "eyJlMmJmYjczMC1lY2FhLTExZTYtOGY4OC0zNDM2M2JjN2M0YzAiOnsiY3JlYXRlIjoxMjAwMDAwMDAwMDAwLCJkZWxldGUiOjEyMDAwMDAwMDAwMDAsInVwZGF0ZSI6MTIwMDAwMDAwMDAwMH0sInNjaGVtYV92ZXJzaW9uIjoiMiJ9"
        },
        {
          "index_key": 2,
          "schema_version": 2,
          "attributes": {
            "autogenerate_revision_name": false,
            "id": "locations/europe-west2/namespaces/dp-rct-dev/services/image-prod",
            "location": "europe-west2",
            "metadata": [
              {
                "annotations": {},
                "effective_annotations": {
                  "run.googleapis.com/ingress": "all",
                  "run.googleapis.com/ingress-status": "all",
                  "run.googleapis.com/operation-id": "f0bc4951-732a-4237-b5d2-89e50ef85309",
                  "serving.knative.dev/creator": "Dan.lostarkgames@gmail.com",
                  "serving.knative.dev/lastModifier": "Dan.lostarkgames@gmail.com"
                },
                "effective_labels": {
                  "cloud.googleapis.com/location": "europe-west2",
                  "run.googleapis.com/satisfiesPzs": "true"
                },
                "generation": 1,
                "labels": {},
                "namespace": "dp-rct-dev",
                "resource_version": "AAYMPGaY2Dk",
                "self_link": "/apis/serving.knative.dev/v1/namespaces/444479832237/services/image-prod",
                "terraform_labels": {},
                "uid": "74965265-d5f3-47df-969c-73dd7b2268e0"
              }
            ],
            "name": "image-prod",
            "project": "dp-rct-dev",
            "status": [
              {
                "conditions": [
                  {
                    "message": "",
                    "reason": "",
                    "status": "True",
                    "type": "Ready"
                  },
                  {
                    "message": "",
                    "reason": "",
                    "status": "True",
                    "type": "ConfigurationsReady"
                  },
                  {
                    "message": "",
                    "reason": "",
                    "status": "True",
                    "type": "RoutesReady"
                  }
                ],
                "latest_created_revision_name": "image-prod-00001-p2r",
                "latest_ready_revision_name": "image-prod-00001-p2r",
                "observed_generation": 1,
                "traffic": [
                  {
                    "latest_revision": true,
                    "percent": 100,
                    "revision_name": "image-prod-00001-p2r",
                    "tag": "",
                    "url": ""
                  }
                ],
                "url": "https://image-prod-2ut2spfhpa-nw.a.run.app"
              }
            ],
            "template": [
              {
                "metadata": [
                  {
                    "annotations": {
                      "autoscaling.knative.dev/maxScale": "3"
                    },
                    "generation": 0,
                    "labels": {
                      "run.googleapis.com/startupProbeType": "Default"
                    },
                    "name": "",
                    "namespace": "",
                    "resource_version": "",
                    "self_link": "",
                    "uid": ""
                  }
                ],
                "spec": [
                  {
                    "container_concurrency": 80,
                    "containers": [
                      {
                        "args": null,
                        "command": null,
                        "env": [],
                        "env_from": [],
                        "image": "europe-west2-docker.pkg.dev/dp-rct-dev/online-game/image:prod",
                        "liveness_probe": [],
                        "name": "",
                        "ports": [
                          {
                            "container_port": 8080,
                            "name": "http1",
                            "protocol": ""
                          }
                        ],
                        "resources": [
                          {
                            "limits": {
                              "cpu": "1000m",
                              "memory": "512Mi"
                            },
                            "requests": {}
                          }
                        ],
                        "startup_probe": [
                          {
                            "failure_threshold": 1,
                            "grpc": [],
                            "http_get": [],
                            "initial_delay_seconds": 0,
                            "period_seconds": 240,
                            "tcp_socket": [
                              {
                                "port": 8080
                              }
                            ],
                            "timeout_seconds": 240
                          }
                        ],
                        "volume_mounts": [],
                        "working_dir": ""
                      }
                    ],
                    "service_account_name": "444479832237-compute@developer.gserviceaccount.com",
                    "serving_state": "",
                    "timeout_seconds": 300,
                    "volumes": []
                  }
                ]
              }
            ],
            "timeouts": null,
            "traffic": [
              {
                "latest_revision": true,
                "percent": 100,
                "revision_name": "",
                "tag": "",
                "url": ""
              }
            ]
          },
          "sensitive_attributes": [],
          "private": "eyJlMmJmYjczMC1lY2FhLTExZTYtOGY4OC0zNDM2M2JjN2M0YzAiOnsiY3JlYXRlIjoxMjAwMDAwMDAwMDAwLCJkZWxldGUiOjEyMDAwMDAwMDAwMDAsInVwZGF0ZSI6MTIwMDAwMDAwMDAwMH0sInNjaGVtYV92ZXJzaW9uIjoiMiJ9"
        }
      ]
    },
    {
      "mode": "managed",
      "type": "google_cloudbuild_trigger",
      "name": "default",
      "provider": "provider[\"registry.terraform.io/hashicorp/google\"]",
      "instances": [
        {
          "index_key": 0,
          "schema_version": 2,
          "attributes": {
            "approval_config": [
              {
                "approval_required": false
              }
            ],
            "bitbucket_server_trigger_config": [],
            "build": [],
            "create_time": "2023-12-11T13:40:01.515523772Z",
            "description": "",
            "disabled": false,
            "filename": "online-game-server/cloudbuild.yaml",
            "filter": "",
            "git_file_source": [],
            "github": [
              {
                "enterprise_config_resource_name": "",
                "name": "OnlineGame",
                "owner": "XateroX",
                "pull_request": [],
                "push": [
                  {
                    "branch": "^dev$",
                    "invert_regex": false,
                    "tag": ""
                  }
                ]
              }
            ],
            "id": "projects/dp-rct-dev/triggers/3276096c-fdcb-456e-81d5-759df70fe359",
            "ignored_files": [],
            "include_build_logs": "",
            "included_files": [],
            "location": "global",
            "name": "trigger-dev",
            "project": "dp-rct-dev",
            "pubsub_config": [],
            "repository_event_config": [],
            "service_account": "",
            "source_to_build": [],
            "substitutions": {},
            "tags": [],
            "timeouts": null,
            "trigger_id": "3276096c-fdcb-456e-81d5-759df70fe359",
            "trigger_template": [],
            "webhook_config": []
          },
          "sensitive_attributes": [],
          "private": "eyJlMmJmYjczMC1lY2FhLTExZTYtOGY4OC0zNDM2M2JjN2M0YzAiOnsiY3JlYXRlIjoxMjAwMDAwMDAwMDAwLCJkZWxldGUiOjEyMDAwMDAwMDAwMDAsInVwZGF0ZSI6MTIwMDAwMDAwMDAwMH0sInNjaGVtYV92ZXJzaW9uIjoiMiJ9"
        },
        {
          "index_key": 1,
          "schema_version": 2,
          "attributes": {
            "approval_config": [
              {
                "approval_required": false
              }
            ],
            "bitbucket_server_trigger_config": [],
            "build": [],
            "create_time": "2023-12-11T13:40:01.515468076Z",
            "description": "",
            "disabled": false,
            "filename": "online-game-server/cloudbuild.yaml",
            "filter": "",
            "git_file_source": [],
            "github": [
              {
                "enterprise_config_resource_name": "",
                "name": "OnlineGame",
                "owner": "XateroX",
                "pull_request": [],
                "push": [
                  {
                    "branch": "^test$",
                    "invert_regex": false,
                    "tag": ""
                  }
                ]
              }
            ],
            "id": "projects/dp-rct-dev/triggers/953334e4-07a6-4ef8-9841-99a3d3be2673",
            "ignored_files": [],
            "include_build_logs": "",
            "included_files": [],
            "location": "global",
            "name": "trigger-test",
            "project": "dp-rct-dev",
            "pubsub_config": [],
            "repository_event_config": [],
            "service_account": "",
            "source_to_build": [],
            "substitutions": {},
            "tags": [],
            "timeouts": null,
            "trigger_id": "953334e4-07a6-4ef8-9841-99a3d3be2673",
            "trigger_template": [],
            "webhook_config": []
          },
          "sensitive_attributes": [],
          "private": "eyJlMmJmYjczMC1lY2FhLTExZTYtOGY4OC0zNDM2M2JjN2M0YzAiOnsiY3JlYXRlIjoxMjAwMDAwMDAwMDAwLCJkZWxldGUiOjEyMDAwMDAwMDAwMDAsInVwZGF0ZSI6MTIwMDAwMDAwMDAwMH0sInNjaGVtYV92ZXJzaW9uIjoiMiJ9"
        },
        {
          "index_key": 2,
          "schema_version": 2,
          "attributes": {
            "approval_config": [
              {
                "approval_required": false
              }
            ],
            "bitbucket_server_trigger_config": [],
            "build": [],
            "create_time": "2023-12-11T13:40:01.578443630Z",
            "description": "",
            "disabled": false,
            "filename": "online-game-server/cloudbuild.yaml",
            "filter": "",
            "git_file_source": [],
            "github": [
              {
                "enterprise_config_resource_name": "",
                "name": "OnlineGame",
                "owner": "XateroX",
                "pull_request": [],
                "push": [
                  {
                    "branch": "^prod$",
                    "invert_regex": false,
                    "tag": ""
                  }
                ]
              }
            ],
            "id": "projects/dp-rct-dev/triggers/e1384671-ab89-4d1d-9dd1-0768478adb5a",
            "ignored_files": [],
            "include_build_logs": "",
            "included_files": [],
            "location": "global",
            "name": "trigger-prod",
            "project": "dp-rct-dev",
            "pubsub_config": [],
            "repository_event_config": [],
            "service_account": "",
            "source_to_build": [],
            "substitutions": {},
            "tags": [],
            "timeouts": null,
            "trigger_id": "e1384671-ab89-4d1d-9dd1-0768478adb5a",
            "trigger_template": [],
            "webhook_config": []
          },
          "sensitive_attributes": [],
          "private": "eyJlMmJmYjczMC1lY2FhLTExZTYtOGY4OC0zNDM2M2JjN2M0YzAiOnsiY3JlYXRlIjoxMjAwMDAwMDAwMDAwLCJkZWxldGUiOjEyMDAwMDAwMDAwMDAsInVwZGF0ZSI6MTIwMDAwMDAwMDAwMH0sInNjaGVtYV92ZXJzaW9uIjoiMiJ9"
        }
      ]
    }
  ]
}
